
Microsoft Visual Studio Solution File, Format Version 12.00
Project("{FAE04EC0-301F-11D3-BF4B-00C04F79EFBC}") = "DataModelInScripting", "DataModelInScripting\DataModelInScripting.csproj", "{BC47E3F5-7A51-4C3C-B1A4-6AEDB16B3CDF}"
EndProject
Project("{FAE04EC0-301F-11D3-BF4B-00C04F79EFBC}") = "LabelModificationActions", "LabelModificationActions\LabelModificationActions.csproj", "{BC41B272-A71A-491B-901F-25F89CD38AE9}"
EndProject
Project("{FAE04EC0-301F-11D3-BF4B-00C04F79EFBC}") = "MacroNavi", "MacroNavi\MacroNavi.csproj", "{8A9614B9-AC0D-47E6-8D95-BEC617BE079F}"
EndProject
Project("{FAE04EC0-301F-11D3-BF4B-00C04F79EFBC}") = "NewProjectWithIdDescriptions", "NewProjectWithIdDescriptions\NewProjectWithIdDescriptions.csproj", "{20D54BC8-380C-4330-BC63-F7B8D1CC4A4F}"
EndProject
Project("{FAE04EC0-301F-11D3-BF4B-00C04F79EFBC}") = "TranslateWithDeepL", "TranslateWithDeepL\TranslateWithDeepL.csproj", "{37886E9D-0DA0-4714-A86B-A34ACE6650D7}"
EndProject
Global
	GlobalSection(SolutionConfigurationPlatforms) = preSolution
		Debug|Any CPU = Debug|Any CPU
		Release|Any CPU = Release|Any CPU
	EndGlobalSection
	GlobalSection(ProjectConfigurationPlatforms) = postSolution
		{BC47E3F5-7A51-4C3C-B1A4-6AEDB16B3CDF}.Debug|Any CPU.ActiveCfg = Debug|Any CPU
		{BC47E3F5-7A51-4C3C-B1A4-6AEDB16B3CDF}.Debug|Any CPU.Build.0 = Debug|Any CPU
		{BC47E3F5-7A51-4C3C-B1A4-6AEDB16B3CDF}.Release|Any CPU.ActiveCfg = Release|Any CPU
		{BC47E3F5-7A51-4C3C-B1A4-6AEDB16B3CDF}.Release|Any CPU.Build.0 = Release|Any CPU
		{BC41B272-A71A-491B-901F-25F89CD38AE9}.Debug|Any CPU.ActiveCfg = Debug|Any CPU
		{BC41B272-A71A-491B-901F-25F89CD38AE9}.Debug|Any CPU.Build.0 = Debug|Any CPU
		{BC41B272-A71A-491B-901F-25F89CD38AE9}.Release|Any CPU.ActiveCfg = Release|Any CPU
		{BC41B272-A71A-491B-901F-25F89CD38AE9}.Release|Any CPU.Build.0 = Release|Any CPU
		{8A9614B9-AC0D-47E6-8D95-BEC617BE079F}.Debug|Any CPU.ActiveCfg = Debug|Any CPU
		{8A9614B9-AC0D-47E6-8D95-BEC617BE079F}.Debug|Any CPU.Build.0 = Debug|Any CPU
		{20D54BC8-380C-4330-BC63-F7B8D1CC4A4F}.Debug|Any CPU.ActiveCfg = Debug|Any CPU
		{20D54BC8-380C-4330-BC63-F7B8D1CC4A4F}.Debug|Any CPU.Build.0 = Debug|Any CPU
		{20D54BC8-380C-4330-BC63-F7B8D1CC4A4F}.Release|Any CPU.ActiveCfg = Release|Any CPU
		{20D54BC8-380C-4330-BC63-F7B8D1CC4A4F}.Release|Any CPU.Build.0 = Release|Any CPU
		{37886E9D-0DA0-4714-A86B-A34ACE6650D7}.Debug|Any CPU.ActiveCfg = Debug|Any CPU
		{37886E9D-0DA0-4714-A86B-A34ACE6650D7}.Debug|Any CPU.Build.0 = Debug|Any CPU
		{37886E9D-0DA0-4714-A86B-A34ACE6650D7}.Release|Any CPU.ActiveCfg = Release|Any CPU
		{37886E9D-0DA0-4714-A86B-A34ACE6650D7}.Release|Any CPU.Build.0 = Release|Any CPU
	EndGlobalSection
EndGlobal
