
Microsoft Visual Studio Solution File, Format Version 12.00
# Visual Studio Express 2012 for Windows Desktop
Project("{FAE04EC0-301F-11D3-BF4B-00C04F79EFBC}") = "MacroNavi", "MacroNavi.csproj", "{8A9614B9-AC0D-47E6-8D95-BEC617BE079F}"
EndProject
Project("{FAE04EC0-301F-11D3-BF4B-00C04F79EFBC}") = "Testprojekt", "..\..\..\Visual Studio 2012\Projects\Eplanwiki.PartsGenerater\Testprojekt\Testprojekt.csproj", "{5134F9EE-19FF-46C4-B4AC-8616BB80EC1E}"
EndProject
Global
	GlobalSection(SolutionConfigurationPlatforms) = preSolution
		Debug|Any CPU = Debug|Any CPU
		Debug|Mixed Platforms = Debug|Mixed Platforms
		Debug|x86 = Debug|x86
		Release|Any CPU = Release|Any CPU
		Release|Mixed Platforms = Release|Mixed Platforms
		Release|x86 = Release|x86
	EndGlobalSection
	GlobalSection(ProjectConfigurationPlatforms) = postSolution
		{8A9614B9-AC0D-47E6-8D95-BEC617BE079F}.Debug|Any CPU.ActiveCfg = Debug|x86
		{8A9614B9-AC0D-47E6-8D95-BEC617BE079F}.Debug|Mixed Platforms.ActiveCfg = Debug|x86
		{8A9614B9-AC0D-47E6-8D95-BEC617BE079F}.Debug|Mixed Platforms.Build.0 = Debug|x86
		{8A9614B9-AC0D-47E6-8D95-BEC617BE079F}.Debug|x86.ActiveCfg = Debug|x86
		{8A9614B9-AC0D-47E6-8D95-BEC617BE079F}.Debug|x86.Build.0 = Debug|x86
		{8A9614B9-AC0D-47E6-8D95-BEC617BE079F}.Release|Any CPU.ActiveCfg = Release|x86
		{8A9614B9-AC0D-47E6-8D95-BEC617BE079F}.Release|Mixed Platforms.ActiveCfg = Release|x86
		{8A9614B9-AC0D-47E6-8D95-BEC617BE079F}.Release|Mixed Platforms.Build.0 = Release|x86
		{8A9614B9-AC0D-47E6-8D95-BEC617BE079F}.Release|x86.ActiveCfg = Release|x86
		{8A9614B9-AC0D-47E6-8D95-BEC617BE079F}.Release|x86.Build.0 = Release|x86
		{5134F9EE-19FF-46C4-B4AC-8616BB80EC1E}.Debug|Any CPU.ActiveCfg = Debug|Any CPU
		{5134F9EE-19FF-46C4-B4AC-8616BB80EC1E}.Debug|Any CPU.Build.0 = Debug|Any CPU
		{5134F9EE-19FF-46C4-B4AC-8616BB80EC1E}.Debug|Mixed Platforms.ActiveCfg = Debug|Any CPU
		{5134F9EE-19FF-46C4-B4AC-8616BB80EC1E}.Debug|Mixed Platforms.Build.0 = Debug|Any CPU
		{5134F9EE-19FF-46C4-B4AC-8616BB80EC1E}.Debug|x86.ActiveCfg = Debug|Any CPU
		{5134F9EE-19FF-46C4-B4AC-8616BB80EC1E}.Release|Any CPU.ActiveCfg = Release|Any CPU
		{5134F9EE-19FF-46C4-B4AC-8616BB80EC1E}.Release|Any CPU.Build.0 = Release|Any CPU
		{5134F9EE-19FF-46C4-B4AC-8616BB80EC1E}.Release|Mixed Platforms.ActiveCfg = Release|Any CPU
		{5134F9EE-19FF-46C4-B4AC-8616BB80EC1E}.Release|Mixed Platforms.Build.0 = Release|Any CPU
		{5134F9EE-19FF-46C4-B4AC-8616BB80EC1E}.Release|x86.ActiveCfg = Release|Any CPU
	EndGlobalSection
	GlobalSection(SolutionProperties) = preSolution
		HideSolutionNode = FALSE
	EndGlobalSection
EndGlobal
